
Microsoft Visual Studio Solution File, Format Version 12.00
# Visual Studio Version 17
VisualStudioVersion = 17.0.32112.339
MinimumVisualStudioVersion = 10.0.40219.1
Project("{9A19103F-16F7-4668-BE54-9A1E7A4F7556}") = "CryptoWise.API", "CryptoWise.API\CryptoWise.API.csproj", "{8F8774B7-565C-45BC-98F5-889DFF2F6B78}"
EndProject
Project("{9A19103F-16F7-4668-BE54-9A1E7A4F7556}") = "CryptoWise.Shared", "CryptoWise.Shared\CryptoWise.Shared.csproj", "{CF5C8ED9-CAC6-47A3-BE36-50EDA980137C}"
EndProject
Project("{FAE04EC0-301F-11D3-BF4B-00C04F79EFBC}") = "CryptoWise.BlazorWasmClient", "CryptoWise.BlazorWasmClient\CryptoWise.BlazorWasmClient.csproj", "{DABE8580-344E-4C45-B6B5-7916D68C7F0B}"
EndProject
Global
	GlobalSection(SolutionConfigurationPlatforms) = preSolution
		Debug|Any CPU = Debug|Any CPU
		Release|Any CPU = Release|Any CPU
	EndGlobalSection
	GlobalSection(ProjectConfigurationPlatforms) = postSolution
		{8F8774B7-565C-45BC-98F5-889DFF2F6B78}.Debug|Any CPU.ActiveCfg = Debug|Any CPU
		{8F8774B7-565C-45BC-98F5-889DFF2F6B78}.Debug|Any CPU.Build.0 = Debug|Any CPU
		{8F8774B7-565C-45BC-98F5-889DFF2F6B78}.Release|Any CPU.ActiveCfg = Release|Any CPU
		{8F8774B7-565C-45BC-98F5-889DFF2F6B78}.Release|Any CPU.Build.0 = Release|Any CPU
		{CF5C8ED9-CAC6-47A3-BE36-50EDA980137C}.Debug|Any CPU.ActiveCfg = Debug|Any CPU
		{CF5C8ED9-CAC6-47A3-BE36-50EDA980137C}.Debug|Any CPU.Build.0 = Debug|Any CPU
		{CF5C8ED9-CAC6-47A3-BE36-50EDA980137C}.Release|Any CPU.ActiveCfg = Release|Any CPU
		{CF5C8ED9-CAC6-47A3-BE36-50EDA980137C}.Release|Any CPU.Build.0 = Release|Any CPU
		{DABE8580-344E-4C45-B6B5-7916D68C7F0B}.Debug|Any CPU.ActiveCfg = Debug|Any CPU
		{DABE8580-344E-4C45-B6B5-7916D68C7F0B}.Debug|Any CPU.Build.0 = Debug|Any CPU
		{DABE8580-344E-4C45-B6B5-7916D68C7F0B}.Release|Any CPU.ActiveCfg = Release|Any CPU
		{DABE8580-344E-4C45-B6B5-7916D68C7F0B}.Release|Any CPU.Build.0 = Release|Any CPU
	EndGlobalSection
	GlobalSection(SolutionProperties) = preSolution
		HideSolutionNode = FALSE
	EndGlobalSection
	GlobalSection(ExtensibilityGlobals) = postSolution
		SolutionGuid = {462C8DF4-B65F-4A13-B0D2-9FFCCEA8CBEA}
	EndGlobalSection
EndGlobal
